
Microsoft Visual Studio Solution File, Format Version 12.00
# Visual Studio 15
VisualStudioVersion = 15.0.27703.2047
MinimumVisualStudioVersion = 10.0.40219.1
Project("{FAE04EC0-301F-11D3-BF4B-00C04F79EFBC}") = "Math Quiz", "Math Quiz\Math Quiz.csproj", "{257FD730-C75D-40EE-BBB3-05B310F28B41}"
EndProject
Global
	GlobalSection(SolutionConfigurationPlatforms) = preSolution
		Debug|Any CPU = Debug|Any CPU
		Release|Any CPU = Release|Any CPU
	EndGlobalSection
	GlobalSection(ProjectConfigurationPlatforms) = postSolution
		{257FD730-C75D-40EE-BBB3-05B310F28B41}.Debug|Any CPU.ActiveCfg = Debug|Any CPU
		{257FD730-C75D-40EE-BBB3-05B310F28B41}.Debug|Any CPU.Build.0 = Debug|Any CPU
		{257FD730-C75D-40EE-BBB3-05B310F28B41}.Release|Any CPU.ActiveCfg = Release|Any CPU
		{257FD730-C75D-40EE-BBB3-05B310F28B41}.Release|Any CPU.Build.0 = Release|Any CPU
	EndGlobalSection
	GlobalSection(SolutionProperties) = preSolution
		HideSolutionNode = FALSE
	EndGlobalSection
	GlobalSection(ExtensibilityGlobals) = postSolution
		SolutionGuid = {A5859D94-6DE8-48C3-9B5F-522EDC24B418}
	EndGlobalSection
EndGlobal
